
Microsoft Visual Studio Solution File, Format Version 12.00
# Visual Studio 15
VisualStudioVersion = 15.0.27130.2010
MinimumVisualStudioVersion = 10.0.40219.1
Project("{FAE04EC0-301F-11D3-BF4B-00C04F79EFBC}") = "GdNet.Data.AppCommon.EF", "GdNet.Data.AppCommon.EF\GdNet.Data.AppCommon.EF.csproj", "{152C10D9-81DE-4C34-9522-79ECC492A0BF}"
EndProject
Project("{FAE04EC0-301F-11D3-BF4B-00C04F79EFBC}") = "GdNet.Data.Raven", "GdNet.Data.Raven\GdNet.Data.Raven.csproj", "{1539CAF9-A527-4EF7-A1F1-C986003238AF}"
EndProject
Global
	GlobalSection(SolutionConfigurationPlatforms) = preSolution
		Debug|Any CPU = Debug|Any CPU
		Release|Any CPU = Release|Any CPU
	EndGlobalSection
	GlobalSection(ProjectConfigurationPlatforms) = postSolution
		{152C10D9-81DE-4C34-9522-79ECC492A0BF}.Debug|Any CPU.ActiveCfg = Debug|Any CPU
		{152C10D9-81DE-4C34-9522-79ECC492A0BF}.Debug|Any CPU.Build.0 = Debug|Any CPU
		{152C10D9-81DE-4C34-9522-79ECC492A0BF}.Release|Any CPU.ActiveCfg = Release|Any CPU
		{152C10D9-81DE-4C34-9522-79ECC492A0BF}.Release|Any CPU.Build.0 = Release|Any CPU
		{1539CAF9-A527-4EF7-A1F1-C986003238AF}.Debug|Any CPU.ActiveCfg = Debug|Any CPU
		{1539CAF9-A527-4EF7-A1F1-C986003238AF}.Debug|Any CPU.Build.0 = Debug|Any CPU
		{1539CAF9-A527-4EF7-A1F1-C986003238AF}.Release|Any CPU.ActiveCfg = Release|Any CPU
		{1539CAF9-A527-4EF7-A1F1-C986003238AF}.Release|Any CPU.Build.0 = Release|Any CPU
	EndGlobalSection
	GlobalSection(SolutionProperties) = preSolution
		HideSolutionNode = FALSE
	EndGlobalSection
	GlobalSection(ExtensibilityGlobals) = postSolution
		SolutionGuid = {B9E942F4-4459-46E1-AF43-52A083339AA3}
	EndGlobalSection
EndGlobal
